{
  "name": "@rnup/core",
  "version": "0.0.0",
  "lockfileVersion": 1,
  "requires": true,
  "dependencies": {
    "@graphql-typed-document-node/core": {
      "version": "3.1.0",
      "resolved": "https://registry.npmjs.org/@graphql-typed-document-node/core/-/core-3.1.0.tgz",
      "integrity": "sha512-wYn6r8zVZyQJ6rQaALBEln5B1pzxb9shV5Ef97kTvn6yVGrqyXVnDqnU24MXnFubR+rZjBY9NWuxX3FB2sTsjg=="
    },
    "@react-native-async-storage/async-storage": {
      "version": "1.15.7",
      "resolved": "https://registry.npmjs.org/@react-native-async-storage/async-storage/-/async-storage-1.15.7.tgz",
      "integrity": "sha512-ctD51BxjBxSSZ/3xCxQ//e10nP3rWFuOABsOGCGCqCXO4ypznK+fcWONHI6fIZubfV5KdyBJnNXcKtXRjocE5Q==",
      "dev": true,
      "requires": {
        "merge-options": "^3.0.4"
      }
    },
    "@types/prop-types": {
      "version": "15.7.4",
      "resolved": "https://registry.npmjs.org/@types/prop-types/-/prop-types-15.7.4.tgz",
      "integrity": "sha512-rZ5drC/jWjrArrS8BR6SIr4cWpW09RNTYt9AMZo3Jwwif+iacXAqgVjm0B0Bv/S1jhDXKHqRVNCbACkJ89RAnQ==",
      "dev": true
    },
    "@types/react": {
      "version": "17.0.20",
      "resolved": "https://registry.npmjs.org/@types/react/-/react-17.0.20.tgz",
      "integrity": "sha512-wWZrPlihslrPpcKyCSlmIlruakxr57/buQN1RjlIeaaTWDLtJkTtRW429MoQJergvVKc4IWBpRhWw7YNh/7GVA==",
      "dev": true,
      "requires": {
        "@types/prop-types": "*",
        "@types/scheduler": "*",
        "csstype": "^3.0.2"
      }
    },
    "@types/react-native": {
      "version": "0.64.15",
      "resolved": "https://registry.npmjs.org/@types/react-native/-/react-native-0.64.15.tgz",
      "integrity": "sha512-8mq27O7nXGKLIvnBvChUWVr/kHDOnH/IsjRkt2IqgSwRjlY5scnYeTbjOFnu2JSCYoGmgRI+MlVLqJIVjPuY2g==",
      "dev": true,
      "requires": {
        "@types/react": "*"
      }
    },
    "@types/scheduler": {
      "version": "0.16.2",
      "resolved": "https://registry.npmjs.org/@types/scheduler/-/scheduler-0.16.2.tgz",
      "integrity": "sha512-hppQEBDmlwhFAXKJX2KnWLYu5yMfi91yazPb2l+lbJiwW+wdo1gNeRA+3RgNSO39WYX2euey41KEwnqesU2Jew==",
      "dev": true
    },
    "@urql/core": {
      "version": "2.3.1",
      "resolved": "https://registry.npmjs.org/@urql/core/-/core-2.3.1.tgz",
      "integrity": "sha512-M9gGz02+TH7buqkelVg+m0eTkLCKly9ZjuTp6NHMP7hXD/zpImPu/m3YluA+D4HbFqw3kofBtLCuVk67X9dxRw==",
      "requires": {
        "@graphql-typed-document-node/core": "^3.1.0",
        "wonka": "^4.0.14"
      }
    },
    "csstype": {
      "version": "3.0.8",
      "resolved": "https://registry.npmjs.org/csstype/-/csstype-3.0.8.tgz",
      "integrity": "sha512-jXKhWqXPmlUeoQnF/EhTtTl4C9SnrxSH/jZUih3jmO6lBKr99rP3/+FmrMj4EFpOXzMtXHAZkd3x0E6h6Fgflw==",
      "dev": true
    },
    "graphql": {
      "version": "15.5.3",
      "resolved": "https://registry.npmjs.org/graphql/-/graphql-15.5.3.tgz",
      "integrity": "sha512-sM+jXaO5KinTui6lbK/7b7H/Knj9BpjGxZ+Ki35v7YbUJxxdBCUqNM0h3CRVU1ZF9t5lNiBzvBCSYPvIwxPOQA=="
    },
    "is-plain-obj": {
      "version": "2.1.0",
      "resolved": "https://registry.npmjs.org/is-plain-obj/-/is-plain-obj-2.1.0.tgz",
      "integrity": "sha512-YWnfyRwxL/+SsrWYfOpUtz5b3YD+nyfkHvjbcanzk8zgyO4ASD67uVMRt8k5bM4lLMDnXfriRhOpemw+NfT1eA==",
      "dev": true
    },
    "merge-options": {
      "version": "3.0.4",
      "resolved": "https://registry.npmjs.org/merge-options/-/merge-options-3.0.4.tgz",
      "integrity": "sha512-2Sug1+knBjkaMsMgf1ctR1Ujx+Ayku4EdJN4Z+C2+JzoeF7A3OZ9KM2GY0CpQS51NR61LTurMJrRKPhSs3ZRTQ==",
      "dev": true,
      "requires": {
        "is-plain-obj": "^2.1.0"
      }
    },
    "openmoji": {
      "version": "13.1.0",
      "resolved": "https://registry.npmjs.org/openmoji/-/openmoji-13.1.0.tgz",
      "integrity": "sha512-rOY6DKqnCPCU9D8lu/SK1cMVQjiBsiJRT4be+GV+WXPcd1os6AKWKtfGWhz0oIWhTrUB8WbLG72IkTt7l3h6Qw=="
    },
    "typescript": {
      "version": "4.4.2",
      "resolved": "https://registry.npmjs.org/typescript/-/typescript-4.4.2.tgz",
      "integrity": "sha512-gzP+t5W4hdy4c+68bfcv0t400HVJMMd2+H9B7gae1nQlBzCqvrXX+6GL/b3GAgyTH966pzrZ70/fRjwAtZksSQ==",
      "dev": true
    },
    "urql": {
      "version": "2.0.4",
      "resolved": "https://registry.npmjs.org/urql/-/urql-2.0.4.tgz",
      "integrity": "sha512-ARITb+l+DsGbK/y3mxQjbC4lw8Z4IqFfk4Va8Eg1rDpN1HhOkMTxFA/YvGZoQIU1re/SsARLe//TEBtsgH0/CQ==",
      "requires": {
        "@urql/core": "^2.1.4",
        "wonka": "^4.0.14"
      }
    },
    "wonka": {
      "version": "4.0.15",
      "resolved": "https://registry.npmjs.org/wonka/-/wonka-4.0.15.tgz",
      "integrity": "sha512-U0IUQHKXXn6PFo9nqsHphVCE5m3IntqZNB9Jjn7EB1lrR7YTDY3YWgFvEvwniTzXSvOH/XMzAZaIfJF/LvHYXg=="
    }
  }
}
